
Microsoft Visual Studio Solution File, Format Version 12.00
# Visual Studio Version 16
VisualStudioVersion = 16.0.32802.440
MinimumVisualStudioVersion = 10.0.40219.1
Project("{FAE04EC0-301F-11D3-BF4B-00C04F79EFBC}") = "Module11Project", "Module11Project\Module11Project.csproj", "{6BE222B2-98AA-4B0D-953A-02183A300536}"
EndProject
Global
	GlobalSection(SolutionConfigurationPlatforms) = preSolution
		Debug|Any CPU = Debug|Any CPU
		Release|Any CPU = Release|Any CPU
	EndGlobalSection
	GlobalSection(ProjectConfigurationPlatforms) = postSolution
		{6BE222B2-98AA-4B0D-953A-02183A300536}.Debug|Any CPU.ActiveCfg = Debug|Any CPU
		{6BE222B2-98AA-4B0D-953A-02183A300536}.Debug|Any CPU.Build.0 = Debug|Any CPU
		{6BE222B2-98AA-4B0D-953A-02183A300536}.Release|Any CPU.ActiveCfg = Release|Any CPU
		{6BE222B2-98AA-4B0D-953A-02183A300536}.Release|Any CPU.Build.0 = Release|Any CPU
	EndGlobalSection
	GlobalSection(SolutionProperties) = preSolution
		HideSolutionNode = FALSE
	EndGlobalSection
	GlobalSection(ExtensibilityGlobals) = postSolution
		SolutionGuid = {8EA81259-736A-41F2-8E8E-5C74A44823C8}
	EndGlobalSection
EndGlobal
